
Microsoft Visual Studio Solution File, Format Version 12.00
# Visual Studio Version 17
VisualStudioVersion = 17.7.34031.279
MinimumVisualStudioVersion = 10.0.40219.1
Project("{FAE04EC0-301F-11D3-BF4B-00C04F79EFBC}") = "8section1.25", "8section1.25\8section1.25.csproj", "{823D6893-53BC-429B-88E5-45D24995DB24}"
EndProject
Global
	GlobalSection(SolutionConfigurationPlatforms) = preSolution
		Debug|Any CPU = Debug|Any CPU
		Release|Any CPU = Release|Any CPU
	EndGlobalSection
	GlobalSection(ProjectConfigurationPlatforms) = postSolution
		{823D6893-53BC-429B-88E5-45D24995DB24}.Debug|Any CPU.ActiveCfg = Debug|Any CPU
		{823D6893-53BC-429B-88E5-45D24995DB24}.Debug|Any CPU.Build.0 = Debug|Any CPU
		{823D6893-53BC-429B-88E5-45D24995DB24}.Release|Any CPU.ActiveCfg = Release|Any CPU
		{823D6893-53BC-429B-88E5-45D24995DB24}.Release|Any CPU.Build.0 = Release|Any CPU
	EndGlobalSection
	GlobalSection(SolutionProperties) = preSolution
		HideSolutionNode = FALSE
	EndGlobalSection
	GlobalSection(ExtensibilityGlobals) = postSolution
		SolutionGuid = {D94C8E43-716A-4E43-8D4C-C4CCDD2D163C}
	EndGlobalSection
EndGlobal
